// !$*UTF8*$!
{
	archiveVersion = 1;
	classes = {
	};
	objectVersion = 46;
	objects = {

/* Begin PBXBuildFile section */
		7DA9A2B715FC365A0054EE4E /* gg.cpp in Sources */ = {isa = PBXBuildFile; fileRef = 7DA9A2B515FC365A0054EE4E /* gg.cpp */; };
		7DD1225915F8A57500EAA6A2 /* main.cpp in Sources */ = {isa = PBXBuildFile; fileRef = 7DD1225815F8A57500EAA6A2 /* main.cpp */; };
/* End PBXBuildFile section */

/* Begin PBXCopyFilesBuildPhase section */
		7DD1224915F89F4500EAA6A2 /* CopyFiles */ = {
			isa = PBXCopyFilesBuildPhase;
			buildActionMask = 2147483647;
			dstPath = /usr/share/man/man1/;
			dstSubfolderSpec = 0;
			files = (
			);
			runOnlyForDeploymentPostprocessing = 1;
		};
/* End PBXCopyFilesBuildPhase section */

/* Begin PBXFileReference section */
		7DA9A2B515FC365A0054EE4E /* gg.cpp */ = {isa = PBXFileReference; fileEncoding = 8; lastKnownFileType = sourcecode.cpp.cpp; lineEnding = 2; path = gg.cpp; sourceTree = "<group>"; xcLanguageSpecificationIdentifier = xcode.lang.cpp; };
		7DA9A2B615FC365A0054EE4E /* gg.h */ = {isa = PBXFileReference; fileEncoding = 8; lastKnownFileType = sourcecode.c.h; path = gg.h; sourceTree = "<group>"; };
		7DD1224B15F89F4500EAA6A2 /* glfwsample */ = {isa = PBXFileReference; explicitFileType = "compiled.mach-o.executable"; includeInIndex = 0; path = glfwsample; sourceTree = BUILT_PRODUCTS_DIR; };
		7DD1225815F8A57500EAA6A2 /* main.cpp */ = {isa = PBXFileReference; fileEncoding = 8; indentWidth = 2; lastKnownFileType = sourcecode.cpp.cpp; path = main.cpp; sourceTree = "<group>"; tabWidth = 2; };
/* End PBXFileReference section */

/* Begin PBXFrameworksBuildPhase section */
		7DD1224815F89F4500EAA6A2 /* Frameworks */ = {
			isa = PBXFrameworksBuildPhase;
			buildActionMask = 2147483647;
			files = (
			);
			runOnlyForDeploymentPostprocessing = 0;
		};
/* End PBXFrameworksBuildPhase section */

/* Begin PBXGroup section */
		7DD1224015F89F4500EAA6A2 = {
			isa = PBXGroup;
			children = (
				7DD1225815F8A57500EAA6A2 /* main.cpp */,
				7DA9A2B615FC365A0054EE4E /* gg.h */,
				7DA9A2B515FC365A0054EE4E /* gg.cpp */,
				7DD1224C15F89F4500EAA6A2 /* Products */,
			);
			sourceTree = "<group>";
		};
		7DD1224C15F89F4500EAA6A2 /* Products */ = {
			isa = PBXGroup;
			children = (
				7DD1224B15F89F4500EAA6A2 /* glfwsample */,
			);
			name = Products;
			sourceTree = "<group>";
		};
/* End PBXGroup section */

/* Begin PBXNativeTarget section */
		7DD1224A15F89F4500EAA6A2 /* glfwsample */ = {
			isa = PBXNativeTarget;
			buildConfigurationList = 7DD1225515F89F4500EAA6A2 /* Build configuration list for PBXNativeTarget "glfwsample" */;
			buildPhases = (
				7DD1224715F89F4500EAA6A2 /* Sources */,
				7DD1224815F89F4500EAA6A2 /* Frameworks */,
				7DD1224915F89F4500EAA6A2 /* CopyFiles */,
			);
			buildRules = (
			);
			dependencies = (
			);
			name = glfwsample;
			productName = glfwsample;
			productReference = 7DD1224B15F89F4500EAA6A2 /* glfwsample */;
			productType = "com.apple.product-type.tool";
		};
/* End PBXNativeTarget section */

/* Begin PBXProject section */
		7DD1224215F89F4500EAA6A2 /* Project object */ = {
			isa = PBXProject;
			attributes = {
				LastUpgradeCheck = 0440;
				ORGANIZATIONNAME = "Kohe Tokoi";
			};
			buildConfigurationList = 7DD1224515F89F4500EAA6A2 /* Build configuration list for PBXProject "glfwsample" */;
			compatibilityVersion = "Xcode 3.2";
			developmentRegion = English;
			hasScannedForEncodings = 0;
			knownRegions = (
				en,
			);
			mainGroup = 7DD1224015F89F4500EAA6A2;
			productRefGroup = 7DD1224C15F89F4500EAA6A2 /* Products */;
			projectDirPath = "";
			projectRoot = "";
			targets = (
				7DD1224A15F89F4500EAA6A2 /* glfwsample */,
			);
		};
/* End PBXProject section */

/* Begin PBXSourcesBuildPhase section */
		7DD1224715F89F4500EAA6A2 /* Sources */ = {
			isa = PBXSourcesBuildPhase;
			buildActionMask = 2147483647;
			files = (
				7DD1225915F8A57500EAA6A2 /* main.cpp in Sources */,
				7DA9A2B715FC365A0054EE4E /* gg.cpp in Sources */,
			);
			runOnlyForDeploymentPostprocessing = 0;
		};
/* End PBXSourcesBuildPhase section */

/* Begin XCBuildConfiguration section */
		7DD1225315F89F4500EAA6A2 /* Debug */ = {
			isa = XCBuildConfiguration;
			buildSettings = {
				ALWAYS_SEARCH_USER_PATHS = NO;
				ARCHS = "$(ARCHS_STANDARD_64_BIT)";
				CLANG_CXX_LANGUAGE_STANDARD = "gnu++0x";
				CLANG_ENABLE_OBJC_ARC = YES;
				CLANG_WARN__DUPLICATE_METHOD_MATCH = YES;
				COPY_PHASE_STRIP = NO;
				GCC_C_LANGUAGE_STANDARD = gnu99;
				GCC_DYNAMIC_NO_PIC = NO;
				GCC_ENABLE_OBJC_EXCEPTIONS = YES;
				GCC_OPTIMIZATION_LEVEL = 0;
				GCC_PREPROCESSOR_DEFINITIONS = (
					"DEBUG=1",
					"$(inherited)",
				);
				GCC_SYMBOLS_PRIVATE_EXTERN = NO;
				GCC_WARN_64_TO_32_BIT_CONVERSION = YES;
				GCC_WARN_ABOUT_RETURN_TYPE = YES;
				GCC_WARN_UNINITIALIZED_AUTOS = YES;
				GCC_WARN_UNUSED_VARIABLE = YES;
				MACOSX_DEPLOYMENT_TARGET = 10.8;
				ONLY_ACTIVE_ARCH = YES;
				SDKROOT = macosx;
			};
			name = Debug;
		};
		7DD1225415F89F4500EAA6A2 /* Release */ = {
			isa = XCBuildConfiguration;
			buildSettings = {
				ALWAYS_SEARCH_USER_PATHS = NO;
				ARCHS = "$(ARCHS_STANDARD_64_BIT)";
				CLANG_CXX_LANGUAGE_STANDARD = "gnu++0x";
				CLANG_ENABLE_OBJC_ARC = YES;
				CLANG_WARN__DUPLICATE_METHOD_MATCH = YES;
				COPY_PHASE_STRIP = YES;
				DEBUG_INFORMATION_FORMAT = "dwarf-with-dsym";
				GCC_C_LANGUAGE_STANDARD = gnu99;
				GCC_ENABLE_OBJC_EXCEPTIONS = YES;
				GCC_WARN_64_TO_32_BIT_CONVERSION = YES;
				GCC_WARN_ABOUT_RETURN_TYPE = YES;
				GCC_WARN_UNINITIALIZED_AUTOS = YES;
				GCC_WARN_UNUSED_VARIABLE = YES;
				MACOSX_DEPLOYMENT_TARGET = 10.8;
				SDKROOT = macosx;
			};
			name = Release;
		};
		7DD1225615F89F4500EAA6A2 /* Debug */ = {
			isa = XCBuildConfiguration;
			buildSettings = {
				HEADER_SEARCH_PATHS = /usr/local/include;
				LIBRARY_SEARCH_PATHS = /usr/local/lib;
				OTHER_LDFLAGS = (
					"-framework",
					OpenGL,
					"-lglfw",
				);
				PRODUCT_NAME = "$(TARGET_NAME)";
			};
			name = Debug;
		};
		7DD1225715F89F4500EAA6A2 /* Release */ = {
			isa = XCBuildConfiguration;
			buildSettings = {
				HEADER_SEARCH_PATHS = /usr/local/include;
				LIBRARY_SEARCH_PATHS = /usr/local/lib;
				OTHER_LDFLAGS = (
					"-framework",
					OpenGL,
					"-lglfw",
				);
				PRODUCT_NAME = "$(TARGET_NAME)";
			};
			name = Release;
		};
/* End XCBuildConfiguration section */

/* Begin XCConfigurationList section */
		7DD1224515F89F4500EAA6A2 /* Build configuration list for PBXProject "glfwsample" */ = {
			isa = XCConfigurationList;
			buildConfigurations = (
				7DD1225315F89F4500EAA6A2 /* Debug */,
				7DD1225415F89F4500EAA6A2 /* Release */,
			);
			defaultConfigurationIsVisible = 0;
			defaultConfigurationName = Release;
		};
		7DD1225515F89F4500EAA6A2 /* Build configuration list for PBXNativeTarget "glfwsample" */ = {
			isa = XCConfigurationList;
			buildConfigurations = (
				7DD1225615F89F4500EAA6A2 /* Debug */,
				7DD1225715F89F4500EAA6A2 /* Release */,
			);
			defaultConfigurationIsVisible = 0;
			defaultConfigurationName = Release;
		};
/* End XCConfigurationList section */
	};
	rootObject = 7DD1224215F89F4500EAA6A2 /* Project object */;
}
